
Microsoft Visual Studio Solution File, Format Version 12.00
# Visual Studio Version 16
VisualStudioVersion = 16.0.29709.97
MinimumVisualStudioVersion = 10.0.40219.1
Project("{9A19103F-16F7-4668-BE54-9A1E7A4F7556}") = "SudokuSolver.ConsoleApp", "SudokuSolver.ConsoleApp\SudokuSolver.ConsoleApp.csproj", "{A5C0FED1-316A-43B5-9FDF-6262A6FE02ED}"
EndProject
Project("{9A19103F-16F7-4668-BE54-9A1E7A4F7556}") = "SudokuSolver.Core", "SudokuSolver.Core\SudokuSolver.Core.csproj", "{BA3197AA-3538-4759-847D-E4BEDE8476CF}"
EndProject
Project("{FAE04EC0-301F-11D3-BF4B-00C04F79EFBC}") = "SudokuSolver.WpfApp", "SudokuSolver.WpfApp\SudokuSolver.WpfApp.csproj", "{75098C2E-4504-4A41-825C-32BF95B21B7E}"
EndProject
Global
	GlobalSection(SolutionConfigurationPlatforms) = preSolution
		Debug|Any CPU = Debug|Any CPU
		Release|Any CPU = Release|Any CPU
	EndGlobalSection
	GlobalSection(ProjectConfigurationPlatforms) = postSolution
		{A5C0FED1-316A-43B5-9FDF-6262A6FE02ED}.Debug|Any CPU.ActiveCfg = Debug|Any CPU
		{A5C0FED1-316A-43B5-9FDF-6262A6FE02ED}.Debug|Any CPU.Build.0 = Debug|Any CPU
		{A5C0FED1-316A-43B5-9FDF-6262A6FE02ED}.Release|Any CPU.ActiveCfg = Release|Any CPU
		{A5C0FED1-316A-43B5-9FDF-6262A6FE02ED}.Release|Any CPU.Build.0 = Release|Any CPU
		{BA3197AA-3538-4759-847D-E4BEDE8476CF}.Debug|Any CPU.ActiveCfg = Debug|Any CPU
		{BA3197AA-3538-4759-847D-E4BEDE8476CF}.Debug|Any CPU.Build.0 = Debug|Any CPU
		{BA3197AA-3538-4759-847D-E4BEDE8476CF}.Release|Any CPU.ActiveCfg = Release|Any CPU
		{BA3197AA-3538-4759-847D-E4BEDE8476CF}.Release|Any CPU.Build.0 = Release|Any CPU
		{75098C2E-4504-4A41-825C-32BF95B21B7E}.Debug|Any CPU.ActiveCfg = Debug|Any CPU
		{75098C2E-4504-4A41-825C-32BF95B21B7E}.Debug|Any CPU.Build.0 = Debug|Any CPU
		{75098C2E-4504-4A41-825C-32BF95B21B7E}.Release|Any CPU.ActiveCfg = Release|Any CPU
		{75098C2E-4504-4A41-825C-32BF95B21B7E}.Release|Any CPU.Build.0 = Release|Any CPU
	EndGlobalSection
	GlobalSection(SolutionProperties) = preSolution
		HideSolutionNode = FALSE
	EndGlobalSection
	GlobalSection(ExtensibilityGlobals) = postSolution
		SolutionGuid = {C8C34ADE-3869-4421-B7A4-A6095AB2DC3E}
	EndGlobalSection
EndGlobal
